{
  "name": "todo-app",
  "version": "0.0.0",
  "lockfileVersion": 3,
  "requires": true,
  "packages": {
    "": {
      "name": "todo-app",
      "version": "0.0.0",
      "private": true,
      "dependencies": {
        "react": "^18.3.1",
        "react-dom": "^18.3.1"
      },
      "devDependencies": {
        "@types/react": "^18.3.3",
        "@types/react-dom": "^18.3.0",
        "@vitejs/plugin-react": "^4.3.1",
        "typescript": "^5.5.3",
        "vite": "^5.3.3"
      }
    },
    "node_modules/@babel/core": {
      "version": "7.24.7",
      "resolved": "https://registry.npmjs.org/@babel/core/-/core-7.24.7.tgz",
      "integrity": "sha512-RzKqYHpD2T2+iCa5/i8Lzy5xps5sS4i1i4j77e1wR21axwIu2tCHmfF8BqbvU+s3Lh2V9C/vgn5SMyD4222gqw==",
      "dev": true,
      "dependencies": {
        "@babel/helper-compilation-targets": "^7.24.7",
        "@babel/helper-plugin-utils": "^7.24.7",
        "@babel/template": "^7.24.7",
        "@babel/traverse": "^7.24.7",
        "@babel/types": "^7.24.7",
        "convert-source-map": "^2.0.0",
        "json5": "^2.2.3",
        "semver": "^6.3.1",
        "source-map": "^0.5.0"
      },
      "engines": {
        "node": ">=6.9.0"
      },
      "funding": {
        "type": "opencollective",
        "url": "https://opencollective.com/babel"
      }
    },
    "node_modules/@babel/helper-compilation-targets": {
      "version": "7.24.7",
      "resolved": "https://registry.npmjs.org/@babel/helper-compilation-targets/-/helper-compilation-targets-7.24.7.tgz",
      "integrity": "sha512-YmGzCeBv2Ps2Pq4AcaPAGIyJ2iGat02Zk+d2z1yY1/9J6L8MZo+oCyZcM5E4c+D4yVfTsXM1sVTmKk8Yx/GjXQ==",
      "dev": true,
      "dependencies": {
        "@babel/compat-data": "^7.24.7",
        "@babel/helper-validator-option": "^7.24.7",
        "browserslist": "^4.23.0",
        "semver": "^6.3.1"
      },
      "engines": {
        "node": ">=6.9.0"
      },
      "peerDependencies": {
        "@babel/core": "^7.0.0"
      }
    },
    "node_modules/@babel/helper-plugin-utils": {
      "version": "7.24.7",
      "resolved": "https://registry.npmjs.org/@babel/helper-plugin-utils/-/helper-plugin-utils-7.24.7.tgz",
      "integrity": "sha512-i+eBbs92Pj724zVn2n/pNW1yXDAejJ8cwZ+i1yvIC/2vBCF18f2//b3CHZAG0u2S4AOH/jW0Wfm3G3b2KqRkww==",
      "dev": true,
      "engines": {
        "node": ">=6.9.0"
      }
    },
    "node_modules/@babel/helper-validator-option": {
      "version": "7.24.7",
      "resolved": "https://registry.npmjs.org/@babel/helper-validator-option/-/helper-validator-option-7.24.7.tgz",
      "integrity": "sha512-rV9uLgokzQ/E//s5o9jHdn+2R6Ddr+8G2wL/iPCc2EDJCkSgszS+iM2A3QoY25iNsZz2rccm/J0S1QhDIX1YzA==",
      "dev": true,
      "engines": {
        "node": ">=6.9.0"
      }
    },
    "node_modules/@jridgewell/sourcemap-codec": {
      "version": "1.4.15",
      "resolved": "https://registry.npmjs.org/@jridgewell/sourcemap-codec/-/sourcemap-codec-1.4.15.tgz",
      "integrity": "sha512-eF2rxCRulEKXHTRiDrDy6erMYDqNw4LPdQ8U0474TCgFGv64peMaTX5UmsH2mHPeBZIMd2e24b/1bCksm2yo7A==",
      "dev": true
    },
    "node_modules/@types/prop-types": {
      "version": "15.7.12",
      "resolved": "https://registry.npmjs.org/@types/prop-types/-/prop-types-15.7.12.tgz",
      "integrity": "sha512-5zvhXYS3icfN1wPKIxt8J1yGNTMNaPE6q1pAqqw/ELDo02D3t+lFeyhLLocAP1R3N3oAFV7lyoWh1PCHqU6L4Q==",
      "dev": true
    },
    "node_modules/@types/react": {
      "version": "18.3.3",
      "resolved": "https://registry.npmjs.org/@types/react/-/react-18.3.3.tgz",
      "integrity": "sha512-hti/R0pS0q1/xx+TsI73AbQRVoezYlK2L63xOECANzPLPOz02/jL7CJiSAf2Y0Vv+vR3Yal5o4MyYkU64K0e+Q==",
      "dev": true,
      "dependencies": {
        "@types/prop-types": "*",
        "csstype": "^3.0.2"
      }
    },
    "node_modules/@types/react-dom": {
      "version": "18.3.0",
      "resolved": "https://registry.npmjs.org/@types/react-dom/-/react-dom-18.3.0.tgz",
      "integrity": "sha512-dCUnrTCU9nL4Ua8+u2+0tb0dxqVsvtI7kx2L9VwL1t2m25T/4Y4+3Q2g9tG8pAWE6gq0B23gwK73I7Tf9gT/Q==",
      "dev": true,
      "dependencies": {
        "@types/react": "*"
      }
    },
    "node_modules/@vitejs/plugin-react": {
      "version": "4.3.1",
      "resolved": "https://registry.npmjs.org/@vitejs/plugin-react/-/plugin-react-4.3.1.tgz",
      "integrity": "sha512-MOhcHr3U+mJ6nk+Z1j2fG3VjQ2aJ25yP861x9yrM5oU35Qy5tV4sS5sytjW2Ds5LdC7QG4vR5qg/yGv2k+J3Q==",
      "dev": true,
      "dependencies": {
        "@babel/core": "^7.22.9",
        "@jridgewell/sourcemap-codec": "^1.4.15",
        "estree-walker": "^2.0.2"
      },
      "engines": {
        "node": "^18.0.0 || >=20.0.0"
      },
      "peerDependencies": {
        "vite": ">=5.1.0"
      },
      "peerDependenciesMeta": {
        "@types/react": {
          "optional": true
        },
        "@types/react-dom": {
          "optional": true
        },
        "react": {
          "optional": true
        },
        "react-dom": {
          "optional": true
        },
        "typescript": {
          "optional": true
        }
      }
    },
    "node_modules/browserslist": {
      "version": "4.23.1",
      "resolved": "https://registry.npmjs.org/browserslist/-/browserslist-4.23.1.tgz",
      "integrity": "sha512-pG9E6lCeQ292s+JM2wIYdETaD01053t7f9c8Acs1e2e2gRGD5Qcy+fH2y4jB2wW+QYcaXb8Zgoe7p1F9T5qww==",
      "dev": true,
      "funding": [
        {
          "type": "opencollective",
          "url": "https://opencollective.com/browserslist"
        },
        {
          "type": "tidelift",
          "url": "https://tidelift.com/subscription/pkg/npm-browserslist"
        },
        {
          "type": "github",
          "url": "https://github.com/sponsors/ai"
        }
      ],
      "dependencies": {
        "caniuse-lite": "^1.0.30001630",
        "electron-to-chromium": "^1.4.793",
        "node-releases": "^2.0.14",
        "update-browserslist-db": "^1.1.0"
      },
      "bin": {
        "browserslist": "cli.js"
      },
      "engines": {
        "node": "^12.0 || ^14.0 || >=16.0"
      }
    },
    "node_modules/caniuse-lite": {
      "version": "1.0.30001633",
      "resolved": "https://registry.npmjs.org/caniuse-lite/-/caniuse-lite-1.0.30001633.tgz",
      "integrity": "sha512-P5CInqT6M9Gg8T3wcin6UfVvPqID1LdVN7X2ZzNl62u0SVRmFNRM0j8pc9g0e2ZLK2sW5fBjpzGqG8zSgqfQfA==",
      "dev": true,
      "funding": [
        {
          "type": "opencollective",
          "url": "https://opencollective.com/browserslist"
        },
        {
          "type": "tidelift",
          "url": "https://tidelift.com/subscription/pkg/npm-caniuse-lite"
        },
        {
          "type": "github",
          "url": "https://github.com/sponsors/ai"
        }
      ]
    },
    "node_modules/csstype": {
      "version": "3.1.3",
      "resolved": "https://registry.npmjs.org/csstype/-/csstype-3.1.3.tgz",
      "integrity": "sha512-M1uQkMl8rQK/szD0LNhtcwDiFAR9aFmWfIbeBfbN8N2Dk8ETqwbk+2OgoeYoJSCB1dC5I+y3ZSvBizot3LoA1A==",
      "dev": true
    },
    "node_modules/electron-to-chromium": {
      "version": "1.4.802",
      "resolved": "https://registry.npmjs.org/electron-to-chromium/-/electron-to-chromium-1.4.802.tgz",
      "integrity": "sha512-GEn3kPqaI36B/gL/ZtCj2wDiY1m0gATYxHkpdH22QdEMVv64H7I/2Y5lTqjE4uB7MmMqB/oqbYJvYg4X5T3eew==",
      "dev": true
    },
    "node_modules/es-module-lexer": {
      "version": "1.5.2",
      "resolved": "https://registry.npmjs.org/es-module-lexer/-/es-module-lexer-1.5.2.tgz",
      "integrity": "sha512-nE2eQctJ/2S0hHEJpEDsRLcwc3L/efDPp6d5tW/19/bztDURAr1I0VjK/2g+fTcyK4cjzQGVB2u8+zO4yWkq1g==",
      "dev": true
    },
    "node_modules/estree-walker": {
      "version": "2.0.2",
      "resolved": "https://registry.npmjs.org/estree-walker/-/estree-walker-2.0.2.tgz",
      "integrity": "sha512-wI84A8pLuOQnn/wI14/s2i/ZfTPEoYyNyTqg8NioyGj1wG2fwp2n1cdgmcqStf2rR5quvt5gS9Hj5b2sC2HnCA==",
      "dev": true
    },
    "node_modules/fsevents": {
      "version": "2.3.3",
      "resolved": "https://registry.npmjs.org/fsevents/-/fsevents-2.3.3.tgz",
      "integrity": "sha512-5rrqanwRTSOKGQjpincIG3dbSQk8P7Vlatp2cZxhsInW8sVYG3y4HlPdUHcfkPZ8XvQxchpgfLPqI8wMd2e72A==",
      "dev": true,
      "hasInstallScript": true,
      "optional": true,
      "os": [
        "darwin"
      ],
      "engines": {
        "node": "^8.16.0 || ^10.6.0 || >=11.0.0"
      }
    },
    "node_modules/is-core-module": {
      "version": "2.13.1",
      "resolved": "https://registry.npmjs.org/is-core-module/-/is-core-module-2.13.1.tgz",
      "integrity": "sha512-hHrIjvZsftOsvKSn2TRYl63zvx+cLOsS2oHce/12eSABet3rgrFj8pBnoT/h3mP23fL5vyBv3vj9y+d5I0ikgA==",
      "dev": true,
      "dependencies": {
        "hasown": "^2.0.0"
      },
      "funding": {
        "url": "https://github.com/sponsors/ljharb"
      }
    },
    "node_modules/is-unicode-supported": {
      "version": "1.3.0",
      "resolved": "https://registry.npmjs.org/is-unicode-supported/-/is-unicode-supported-1.3.0.tgz",
      "integrity": "sha512-J303dTwztPN6viP3s2d5y0l484i2lDIe93bC8GcFx2Wve1/4/2qjJU323oRKnC+c3xmwAcs474z7bE5KjtmCpg==",
      "dev": true,
      "funding": {
        "url": "https://github.com/sponsors/sindresorhus"
      },
      "engines": {
        "node": ">=18"
      }
    },
    "node_modules/js-tokens": {
      "version": "4.0.0",
      "resolved": "https://registry.npmjs.org/js-tokens/-/js-tokens-4.0.0.tgz",
      "integrity": "sha512-RdJUflcE3cUzKiMqQgsCu06FPu9UdIJO0beYbPhHN4k6apgJtifcoCtT9bcxOpYBtpD2kCM6Sbzg4CausW/PKQ=="
    },
    "node_modules/loose-envify": {
      "version": "1.4.0",
      "resolved": "https://registry.npmjs.org/loose-envify/-/loose-envify-1.4.0.tgz",
      "integrity": "sha512-lyuxPGr/Wfhrlem2CL/UcnUc1zcqKA3a2bYo0DGW6pkE8wHDUcnzSEr7gxvpG17AJBpux3UyrBPOE35CkU36pg==",
      "dependencies": {
        "js-tokens": "^3.0.0 || ^4.0.0"
      },
      "bin": {
        "loose-envify": "cli.js"
      }
    },
    "node_modules/lru-cache": {
      "version": "10.2.2",
      "resolved": "https://registry.npmjs.org/lru-cache/-/lru-cache-10.2.2.tgz",
      "integrity": "sha512-Ccd+f9CN1aCxZdpDAt3wLhfGj4K26aD6g2m/i/1Q3RAbLCEk8i22Q4OV9w32d+v6b28lXvFE0ZuZf2u3G1qog==",
      "dev": true,
      "engines": {
        "node": "14 || >=16.14"
      }
    },
    "node_modules/magic-string": {
      "version": "0.30.10",
      "resolved": "https://registry.npmjs.org/magic-string/-/magic-string-0.30.10.tgz",
      "integrity": "sha512-Y3PaM0ScOPJ/5Il7EwGuVnBKJ+5aF8YheLz+nEUnCHbLCEe8+2cVAhT2IesUg60x3y2iP1Bf0wzwT221k22/jg==",
      "dev": true,
      "dependencies": {
        "@jridgewell/sourcemap-codec": "^1.4.15",
        "lru-cache": "^10.2.0"
      },
      "engines": {
        "node": ">=16"
      }
    },
    "node_modules/micromatch": {
      "version": "4.0.7",
      "resolved": "https://registry.npmjs.org/micromatch/-/micromatch-4.0.7.tgz",
      "integrity": "sha512-pSWd4wRDMjA7kI8hDkZzIcG2YhBhdQnVZ7h2pOFBwZk1lvoIYE8OAzsT1Q35IIGYy2qXk5y29V1pAym5h2KteQ==",
      "dev": true,
      "dependencies": {
        "braces": "^3.0.2",
        "picomatch": "^2.3.1"
      },
      "engines": {
        "node": ">=8.6"
      }
    },
    "node_modules/nanoid": {
      "version": "3.3.7",
      "resolved": "https://registry.npmjs.org/nanoid/-/nanoid-3.3.7.tgz",
      "integrity": "sha512-eSPc4yO2+3iQ3T2oY/AJiC3JalSg7p2sK2i6TJoa2pr2Z2g2w41iYsohS+59CJ5vAQG7aLoxh8POh5G/jB1oAw==",
      "dev": true,
      "funding": [
        {
          "type": "github",
          "url": "https://github.com/sponsors/ai"
        }
      ],
      "bin": {
        "nanoid": "bin/nanoid.js"
      },
      "engines": {
        "node": "^10 || ^12 || ^13.7 || ^14 || >=15.0.1"
      }
    },
    "node_modules/node-releases": {
      "version": "2.0.14",
      "resolved": "https://registry.npmjs.org/node-releases/-/node-releases-2.0.14.tgz",
      "integrity": "sha512-QpPO137S20H6n2a9Aml3+IiYF8lUI3w2k4g2cG2eG2rG5gYm202rby8tH0p/Q15itGzt9o3vYmP/Q2Y2eB6wDw==",
      "dev": true,
      "funding": {
        "type": "opencollective",
        "url": "https://opencollective.com/node-releases"
      }
    },
    "node_modules/path-parse": {
      "version": "1.0.7",
      "resolved": "https://registry.npmjs.org/path-parse/-/path-parse-1.0.7.tgz",
      "integrity": "sha512-LDJzPVEEEPR+y48z93A0Ed0yXb8pAByGWo/k5YYdYgpY2/2EsOsksJrq7lOHxryrVOn1ejG6oAp8ahvOIQD8sw==",
      "dev": true
    },
    "node_modules/picocolors": {
      "version": "1.0.1",
      "resolved": "https://registry.npmjs.org/picocolors/-/picocolors-1.0.1.tgz",
      "integrity": "sha512-anQDJ+L3+cVR97iGeGLhM6fP3Y42JMWub7yqfK22LzZGYnbtA+HPNXEHtsHl22p0VMJuvl2p2rPDAr1ZveS+yA==",
      "dev": true
    },
    "node_modules/picomatch": {
      "version": "2.3.1",
      "resolved": "https://registry.npmjs.org/picomatch/-/picomatch-2.3.1.tgz",
      "integrity": "sha512-JU3teIecN7Vp3zzD7gbezzbBcc/gWfxi9IalEyCk5CjAq5hwe2fdoTjGQsoA+PkkYqk9O/xU9fxJ2SVpOlBY6g==",
      "dev": true,
      "engines": {
        "node": ">=8.6"
      },
      "funding": {
        "url": "https://github.com/sponsors/jonschlinkert"
      }
    },
    "node_modules/postcss": {
      "version": "8.4.39",
      "resolved": "https://registry.npmjs.org/postcss/-/postcss-8.4.39.tgz",
      "integrity": "sha512-y2+2rI2LrqsgjETbS/v6MyoR22nJ5f/uYmryg5y4iR1J5Fgn/hYJ2ymcYUa3BRyV1sF3zqo27qRjwQG9YV1iJQ==",
      "dev": true,
      "funding": [
        {
          "type": "opencollective",
          "url": "https://opencollective.com/postcss/"
        },
        {
          "type": "tidelift",
          "url": "https://tidelift.com/funding/github/npm/postcss"
        },
        {
          "type": "github",
          "url": "https://github.com/sponsors/ai"
        }
      ],
      "dependencies": {
        "nanoid": "^3.3.7",
        "picocolors": "^1.0.1",
        "source-map-js": "^1.2.0"
      },
      "engines": {
        "node": "^12 || ^14 || >=16"
      }
    },
    "node_modules/react": {
      "version": "18.3.1",
      "resolved": "https://registry.npmjs.org/react/-/react-18.3.1.tgz",
      "integrity": "sha512-wS+hAgJ0G1htOKIscdCANb5N+f4icgknIQeZ2TCbpl74nSlB53v/33yaweF65K4U90IwvsDdsQo9iA8+lDZw7g==",
      "dependencies": {
        "loose-envify": "^1.1.0"
      },
      "engines": {
        "node": ">=0.10.0"
      }
    },
    "node_modules/react-dom": {
      "version": "18.3.1",
      "resolved": "https://registry.npmjs.org/react-dom/-/react-dom-18.3.1.tgz",
      "integrity": "sha512-5m4nQKp2xJMy/a2c0i72QO9La2P652v1/fV4Lxe03fPyLh6i44cXKxQ8t8A/R5/G5wM2r9qO/aIowqgL5vYwA==",
      "dependencies": {
        "loose-envify": "^1.1.0",
        "scheduler": "^0.23.2"
      },
      "peerDependencies": {
        "react": "18.3.1"
      }
    },
    "node_modules/resolve": {
      "version": "1.22.8",
      "resolved": "https://registry.npmjs.org/resolve/-/resolve-1.22.8.tgz",
      "integrity": "sha512-oKWePCxqpd6FlLvGV1VU0od1T5YSxurG9A1rKJ5R7iS3hC2iQkHGdLK7Xf3T2yQd1T3bbZ+T1e7DbS5iE1HwDw==",
      "dev": true,
      "dependencies": {
        "is-core-module": "^2.13.1",
        "path-parse": "^1.0.7",
        "supports-preserve-symlinks-flag": "^1.0.0"
      },
      "bin": {
        "resolve": "bin/resolve"
      },
      "funding": {
        "url": "https://github.com/sponsors/ljharb"
      }
    },
    "node_modules/rollup": {
      "version": "4.18.0",
      "resolved": "https://registry.npmjs.org/rollup/-/rollup-4.18.0.tgz",
      "integrity": "sha512-QcK+aM+ynH0k82D4b4Y79i/g0y6h3Tq9I6L+i2BSEbWv0/BJf7GZ3LwOaJT6Gv8b/TeyV8sZzKBejAopw==",
      "dev": true,
      "bin": {
        "rollup": "dist/bin/rollup"
      },
      "engines": {
        "node": ">=18.0.0",
        "npm": ">=8.0.0"
      },
      "optionalDependencies": {
        "fsevents": "~2.3.2"
      }
    },
    "node_modules/scheduler": {
      "version": "0.23.2",
      "resolved": "https://registry.npmjs.org/scheduler/-/scheduler-0.23.2.tgz",
      "integrity": "sha512-EnaK7tSw2IeNq22QCs286Z28tI2f0WfJ3ryv72890vCxNP41MaudT1we8/xUNaR2FfK0Dq23qYc1w3P1nE8npg==",
      "dependencies": {
        "loose-envify": "^1.1.0"
      }
    },
    "node_modules/source-map-js": {
      "version": "1.2.0",
      "resolved": "https://registry.npmjs.org/source-map-js/-/source-map-js-1.2.0.tgz",
      "integrity": "sha512-itJW8lvSA0i11W5r3dsvgs2+3Hlo4F/34xT03i2H1XJJSPPOBf2r1Kif+eB15k/Qy3iC9cMW+v0a2t5t2n5hVg==",
      "dev": true,
      "engines": {
        "node": ">=0.10.0"
      }
    },
    "node_modules/supports-preserve-symlinks-flag": {
      "version": "1.0.0",
      "resolved": "https://registry.npmjs.org/supports-preserve-symlinks-flag/-/supports-preserve-symlinks-flag-1.0.0.tgz",
      "integrity": "sha512-e+QdZl2J4g6/SM1+2FwT/3D40AALTw3UIx5eI4aN2J32a+Uvp+pr22bkjJUmI94yMey8c2s5Y34qGZlRqdssTA==",
      "dev": true,
      "engines": {
        "node": ">= 0.4"
      },
      "funding": {
        "url": "https://github.com/sponsors/ljharb"
      }
    },
    "node_modules/typescript": {
      "version": "5.5.3",
      "resolved": "https://registry.npmjs.org/typescript/-/typescript-5.5.3.tgz",
      "integrity": "sha512-Cc+fKzRD22i/vcsiQvjsI7GCH/JjTV/GadfCccy0d2Uf2E20/yavGzOzX3y7cCrnC2A4z+KmmzP1oT/8QD0a3g==",
      "dev": true,
      "bin": {
        "tsc": "bin/tsc",
        "tsserver": "bin/tsserver"
      },
      "engines": {
        "node": ">=14.17"
      }
    },
    "node_modules/update-browserslist-db": {
      "version": "1.1.0",
      "resolved": "https://registry.npmjs.org/update-browserslist-db/-/update-browserslist-db-1.1.0.tgz",
      "integrity": "sha512-W+S1sWIbV5wWvQZ5F0HAnEqlR8c2nQo13Hj5BscK0+iDBnaqI7vCXPmX2bB/aE2ZJq/gLgS9GqQjK4gAvMmpcA==",
      "dev": true,
      "funding": [
        {
          "type": "opencollective",
          "url": "https://opencollective.com/browserslist"
        },
        {
          "type": "github",
          "url": "https://github.com/sponsors/ai"
        }
      ],
      "dependencies": {
        "is-unicode-supported": "^1.3.0",
        "picocolors": "^1.0.0"
      },
      "bin": {
        "update-browserslist-db": "cli.js"
      },
      "peerDependencies": {
        "browserslist": ">= 4.21.0"
      }
    },
    "node_modules/vite": {
      "version": "5.3.3",
      "resolved": "https://registry.npmjs.org/vite/-/vite-5.3.3.tgz",
      "integrity": "sha512-qYh4Zqg41u7S1z93t2u/gTqP+YTXhT33vBqS+7FymhGqfK3/c2Xb1c6y4T20s/zYf+DQUd2c884wKxFp7Fmg==",
      "dev": true,
      "hasInstallScript": true,
      "dependencies": {
        "es-module-lexer": "^1.5.2",
        "magic-string": "^0.30.10",
        "micromatch": "^4.0.7",
        "picocolors": "^1.0.1",
        "postcss": "^8.4.39",
        "resolve": "^1.22.8",
        "rollup": "4.18.0"
      },
      "bin": {
        "vite": "bin/vite.js"
      },
      "engines": {
        "node": "^18.0.0 || >=20.0.0"
      },
      "funding": {
        "url": "https://github.com/sponsors/yyx990803"
      },
      "optionalDependencies": {
        "fsevents": "~2.3.3",
        "rollup": "4.18.0"
      }
    }
  }
}
