{
  "name": "vibe_todo",
  "version": "0.0.0",
  "lockfileVersion": 3,
  "requires": true,
  "packages": {
    "": {
      "name": "vibe_todo",
      "version": "0.0.0",
      "private": true,
      "dependencies": {
        "react": "^18.3.1",
        "react-dom": "^18.3.1"
      },
      "devDependencies": {
        "@types/react": "^18.3.3",
        "@types/react-dom": "^18.3.0",
        "@vitejs/plugin-react": "^4.3.1",
        "typescript": "^5.5.3",
        "vite": "^5.3.3"
      }
    },
    "node_modules/@babel/core": {
      "version": "7.24.7",
      "resolved": "https://registry.npmjs.org/@babel/core/-/core-7.24.7.tgz",
      "integrity": "sha512-RzKqYHpD2T2+iCa5/i8Lzy5xps5sS4i1i4j77e1wR21axwIu2tCHmfF8BqbvU+s3Lh2V9C/vgn5SMyD4222gqw==",
      "dev": true,
      "dependencies": {
        "@babel/helper-compilation-targets": "^7.24.7",
        "@babel/helper-plugin-utils": "^7.24.7",
        "@babel/template": "^7.24.7",
        "@babel/traverse": "^7.24.7",
        "@babel/types": "^7.24.7",
        "convert-source-map": "^2.0.0",
        "json5": "^2.2.3",
        "semver": "^6.3.1",
        "source-map": "^0.5.0"
      },
      "engines": {
        "node": ">=6.9.0"
      },
      "funding": {
        "type": "opencollective",
        "url": "https://opencollective.com/babel"
      }
    },
    "node_modules/@babel/helper-compilation-targets": {
      "version": "7.24.7",
      "resolved": "https://registry.npmjs.org/@babel/helper-compilation-targets/-/helper-compilation-targets-7.24.7.tgz",
      "integrity": "sha512-YmGzCeBv2Ps2Pq4AcaPAGIyJ2iGat02Zk+d2z1yY1/9J6L8MZo+oCyZcM5E4c+D4yVfTsXM1sVTmKk8Yx/GjXQ==",
      "dev": true,
      "dependencies": {
        "@babel/compat-data": "^7.24.7",
        "@babel/helper-validator-option": "^7.24.7",
        "browserslist": "^4.23.0",
        "semver": "^6.3.1"
      },
      "engines": {
        "node": ">=6.9.0"
      },
      "peerDependencies": {
        "@babel/core": "^7.0.0"
      }
    },
    "node_modules/@babel/helper-plugin-utils": {
      "version": "7.24.7",
      "resolved": "https://registry.npmjs.org/@babel/helper-plugin-utils/-/helper-plugin-utils-7.24.7.tgz",
      "integrity": "sha512-i+eBbs92Pj724zVn2n/pNW1yXDAejJ8cwZ+i1yvIC/2vBCF18f2//b3CHZAG0u2S4AOH/jW0Wfm3G3b2KqRkww==",
      "dev": true,
      "engines": {
        "node": ">=6.9.0"
      }
    },
    "node_modules/@babel/helper-validator-option": {
      "version": "7.24.7",
      "resolved": "https://registry.npmjs.org/@babel/helper-validator-option/-/helper-validator-option-7.24.7.tgz",
      "integrity": "sha512-rV9uLgokzQ/E//s5o9jHdn+2R6Ddr+8G2wL/iPCc2EDJCkSgszS+iM2A3QoY25iNsZz2rccm/J0S1QhDIX1YzA==",
      "dev": true,
      "engines": {
        "node": ">=6.9.0"
      }
    },
    "node_modules/@babel/highlight": {
      "version": "7.24.7",
      "resolved": "https://registry.npmjs.org/@babel/highlight/-/highlight-7.24.7.tgz",
      "integrity": "sha512-g2+y/tbuQoKoy8vA6iQHc1tjw1j2oOfgwd832ACh4S+Y1i8B24C5Pz82oBvKfrf3JG8i2D8yK1g4V7F+7bC/0Q==",
      "dev": true,
      "dependencies": {
        "@babel/helper-validator-option": "^7.24.7",
        "chalk": "^2.0.0",
        "js-tokens": "^4.0.0"
      },
      "engines": {
        "node": ">=6.9.0"
      }
    },
    "node_modules/@babel/template": {
      "version": "7.24.7",
      "resolved": "https://registry.npmjs.org/@babel/template/-/template-7.24.7.tgz",
      "integrity": "sha512-Ua2O6iOqgGgMPcQTfcpF2M82tA4qI3Oum9iG21G+gpp/D9Iu+VRyIu+F0052mLaq9NnF62sJv9kpa+VlZnwTw==",
      "dev": true,
      "dependencies": {
        "@babel/code-frame": "^7.24.7",
        "@babel/parser": "^7.24.7",
        "@babel/types": "^7.24.7"
      },
      "engines": {
        "node": ">=6.9.0"
      }
    },
    "node_modules/@babel/traverse": {
      "version": "7.24.7",
      "resolved": "https://registry.npmjs.org/@babel/traverse/-/traverse-7.24.7.tgz",
      "integrity": "sha512-y2/llUvjGvV+oZpNHoWRaXRZNvWkGACi3qYqb28lS47IloM5dYlrgC632eSgYCS+z05RKyhK1Iu6AILo2VABOA==",
      "dev": true,
      "dependencies": {
        "@babel/code-frame": "^7.24.7",
        "@babel/generator": "^7.24.7",
        "@babel/helper-environment-visitor": "^7.24.7",
        "@babel/helper-function-name": "^7.24.7",
        "@babel/helper-hoist-variables": "^7.24.7",
        "@babel/helper-split-export-declaration": "^7.24.7",
        "@babel/parser": "^7.24.7",
        "debug": "^4.1.0",
        "globals": "^11.1.0",
        "t-is-node": "^1.0.2"
      },
      "engines": {
        "node": ">=6.9.0"
      }
    },
    "node_modules/@babel/types": {
      "version": "7.24.7",
      "resolved": "https://registry.npmjs.org/@babel/types/-/types-7.24.7.tgz",
      "integrity": "sha512-s4JCAyDnYVpYAW+58Awi9h2E/n+t4PjVfyeS2hRGf4HYYxK/RXsB3Z+B2u7/D323S5663X4ha12m1vfl36n/dw==",
      "dev": true,
      "dependencies": {
        "@babel/helper-validator-option": "^7.24.7",
        "to-fast-properties": "^2.0.0"
      },
      "engines": {
        "node": ">=6.9.0"
      }
    },
    "node_modules/@jridgewell/sourcemap-codec": {
      "version": "1.4.15",
      "resolved": "https://registry.npmjs.org/@jridgewell/sourcemap-codec/-/sourcemap-codec-1.4.15.tgz",
      "integrity": "sha512-eF2rxCRulEKXHTRiDrDy6erMYDqNw4LPdQ8U0474TCgFGv64peMaTX5UmsH2mHPeBZIMd2e24b/1bCksm2yo7A==",
      "dev": true
    },
    "node_modules/@types/prop-types": {
      "version": "15.7.12",
      "resolved": "https://registry.npmjs.org/@types/prop-types/-/prop-types-15.7.12.tgz",
      "integrity": "sha512-5zvhXYS3icfN1wPKIxt8J1yGNTMNaPE6q1pAqqw/ELDo02D3t+lFeyhLLocAP1R3N3oAFV7lyoWh1PCHqU6L4Q==",
      "dev": true
    },
    "node_modules/@types/react": {
      "version": "18.3.3",
      "resolved": "https://registry.npmjs.org/@types/react/-/react-18.3.3.tgz",
      "integrity": "sha512-hti/R0pS0q1/xx+TsI73AbQRVoezYlK2L63xOECANzPLPOz02/jL7CJiSAf2Y0Vv+vR3Yal5o4MyYkU64K0e+Q==",
      "dev": true,
      "dependencies": {
        "@types/prop-types": "*",
        "csstype": "^3.0.2"
      }
    },
    "node_modules/@types/react-dom": {
      "version": "18.3.0",
      "resolved": "https://registry.npmjs.org/@types/react-dom/-/react-dom-18.3.0.tgz",
      "integrity": "sha512-dCUnrTCU9nL4Ua8+u2+0tb0dxqVsvtI7kx2L9VwL1t2m25T/4Y4+3Q2g9tG8pAWE6gq0B23gwK73I7Tf9gT/Q==",
      "dev": true,
      "dependencies": {
        "@types/react": "*"
      }
    },
    "node_modules/@vitejs/plugin-react": {
      "version": "4.3.1",
      "resolved": "https://registry.npmjs.org/@vitejs/plugin-react/-/plugin-react-4.3.1.tgz",
      "integrity": "sha512-MOhcHr3U+mJ6nk+Z1j2fG3VjQ2aJ25yP861x9yrM5oU35Qy5tV4sS5sytjW2Ds5LdC7QG4vR5qg/yGv2k+J3Q==",
      "dev": true,
      "dependencies": {
        "@babel/core": "^7.22.9",
        "@jridgewell/sourcemap-codec": "^1.4.15",
        "estree-walker": "^2.0.2"
      },
      "engines": {
        "node": "^18.0.0 || >=20.0.0"
      },
      "peerDependencies": {
        "vite": ">=5.1.0"
      },
      "peerDependenciesMeta": {
        "@types/react": {
          "optional": true
        },
        "@types/react-dom": {
          "optional": true
        },
        "react": {
          "optional": true
        },
        "react-dom": {
          "optional": true
        },
        "typescript": {
          "optional": true
        }
      }
    },
    "node_modules/acorn": {
      "version": "8.12.0",
      "resolved": "https://registry.npmjs.org/acorn/-/acorn-8.12.0.tgz",
      "integrity": "sha512-QFSESlKq2YvN8jG1x2aaYpFC4GLi9/bIUvC3+fPL/pWzQoqfwzC3tLhEyZ93dKig5ocwA5nL+jE7z2/LgT2Iew==",
      "dev": true,
      "bin": {
        "acorn": "bin/acorn"
      },
      "engines": {
        "node": ">=0.4.0"
      }
    },
    "node_modules/acorn-walk": {
      "version": "8.3.2",
      "resolved": "https://registry.npmjs.org/acorn-walk/-/acorn-walk-8.3.2.tgz",
      "integrity": "sha512-835mv9IprGoF28iCHi/ct+1v52WDDjPy120sZJ6fI9aTwbWd/sOAnDk0Q8YwQj8M3s227tWk9rE5+F9A1OaUvQ==",
      "dev": true,
      "engines": {
        "node": ">=0.4.0"
      }
    },
    "node_modules/ansi-styles": {
      "version": "3.2.1",
      "resolved": "https://registry.npmjs.org/ansi-styles/-/ansi-styles-3.2.1.tgz",
      "integrity": "sha512-VT0ZI6kZRdTh8YyJw3SMbYm/u+NqfsAxEpWO0Pf9sq8/e94WxxOpPKx9FR1FlyCtOVDNOQ+8ntl/FPlDvE2xNw==",
      "dev": true,
      "dependencies": {
        "color-convert": "^1.9.0"
      },
      "engines": {
        "node": ">=4"
      }
    },
    "node_modules/argparse": {
      "version": "2.0.1",
      "resolved": "https://registry.npmjs.org/argparse/-/argparse-2.0.1.tgz",
      "integrity": "sha512-8+9WqebbFzpX9OR+gd+ewA2xgRCostpeiJOLPepXjakYL2h3Pao8P1ZreqoHyHJMGZNosrEleocnxjCIqkrKrg==",
      "dev": true
    },
    "node_modules/balanced-match": {
      "version": "1.0.2",
      "resolved": "https://registry.npmjs.org/balanced-match/-/balanced-match-1.0.2.tgz",
      "integrity": "sha512-3oSeUO0TMV67hN1AmbXsK4yaqU7tjiHlbxRDZOpH0KW9+CeX4bRAaX0Anxt0tx2MrpRpWw2UPwPyy2GnWbv3gA==",
      "dev": true
    },
    "node_modules/brace-expansion": {
      "version": "1.1.11",
      "resolved": "https://registry.npmjs.org/brace-expansion/-/brace-expansion-1.1.11.tgz",
      "integrity": "sha512-iCuPHDFgrHX7H2vEI/5xpz07zSHB00TpugqhmYtVmMO6518mCuRMoOYFldEBl0g187ufozdaHgWKcYFb61qGiA==",
      "dev": true,
      "dependencies": {
        "balanced-match": "^1.0.0",
        "concat-map": "0.0.1"
      }
    },
    "node_modules/browserslist": {
      "version": "4.23.0",
      "resolved": "https://registry.npmjs.org/browserslist/-/browserslist-4.23.0.tgz",
      "integrity": "sha512-v99dO2cH+bt9cHx+sE6fLnhpC22x8wmap5u93L6zhm8UjpXy/AsCsv+BSkIS2c0dgrhV3yTCRjKsfDdXuegS1w==",
      "dev": true,
      "funding": [
        {
          "type": "opencollective",
          "url": "https://opencollective.com/browserslist"
        },
        {
          "type": "tidelift",
          "url": "https://tidelift.com/subscription/pkg/npm-browserslist"
        },
        {
          "type": "github",
          "url": "https://github.com/sponsors/ai"
        }
      ],
      "dependencies": {
        "caniuse-lite": "^1.0.30001614",
        "electron-to-chromium": "^1.4.784",
        "node-releases": "^2.0.14",
        "update-browserslist-db": "^1.1.0"
      },
      "bin": {
        "browserslist": "cli.js"
      },
      "engines": {
        "node": "^12.0 || ^14.0 || >=16.0"
      }
    },
    "node_modules/buffer-from": {
      "version": "1.1.2",
      "resolved": "https://registry.npmjs.org/buffer-from/-/buffer-from-1.1.2.tgz",
      "integrity": "sha512-E+XQCRwSbaaiChtv6k6Dwgc+bx+Bs6pCDAPiSo6KXsmXxo4HiLhIse5l3/MqRTdLVptc6UFGreqSmOK5gem8BA==",
      "dev": true
    },
    "node_modules/caniuse-lite": {
      "version": "1.0.30001633",
      "resolved": "https://registry.npmjs.org/caniuse-lite/-/caniuse-lite-1.0.30001633.tgz",
      "integrity": "sha512-P5CInqT6M9Gg8T3wcin6UfVvPqID1LdVN7X2ZzNl62u0SVRmFNRM0j8pc9g0e2ZLK2sW5fBjpzGqG8zSgqfQfA==",
      "dev": true,
      "funding": [
        {
          "type": "opencollective",
          "url": "https://opencollective.com/browserslist"
        },
        {
          "type": "tidelift",
          "url": "https://tidelift.com/subscription/pkg/npm-caniuse-lite"
        },
        {
          "type": "github",
          "url": "https://github.com/sponsors/ai"
        }
      ]
    },
    "node_modules/chalk": {
      "version": "2.4.2",
      "resolved": "https://registry.npmjs.org/chalk/-/chalk-2.4.2.tgz",
      "integrity": "sha512-Mti+f9LPJNcwF4tWV8/OrTTtF1gZi+f8FqlyAdouralc5Far12hsLS2omTsRCaM9AsJJ7u92fFeasi7pD8hrDA==",
      "dev": true,
      "dependencies": {
        "ansi-styles": "^3.2.1",
        "escape-string-regexp": "^1.0.5",
        "supports-color": "^5.3.0"
      },
      "engines": {
        "node": ">=4"
      }
    },
    "node_modules/color-convert": {
      "version": "1.9.3",
      "resolved": "https://registry.npmjs.org/color-convert/-/color-convert-1.9.3.tgz",
      "integrity": "sha512-QfAUtd+vFdAtFQhgtKw2NPT3GU4esQ2MA+xSA7vrS1zOKLAhwOM+O4Yj/W07ssjyR_A0DP9Yiv2w/9lY0Blsog==",
      "dev": true,
      "dependencies": {
        "color-name": "1.1.3"
      }
    },
    "node_modules/color-name": {
      "version": "1.1.3",
      "resolved": "https://registry.npmjs.org/color-name/-/color-name-1.1.3.tgz",
      "integrity": "sha512-72fSenhMw2ACoSAVpwgSt83SCrpkCQ8b/Hw2kc1Ae1Xk/JustOdhFNFCpTBzFcKgNUlkfevRHFVmnOVYbtXylw==",
      "dev": true
    },
    "node_modules/commander": {
      "version": "12.1.0",
      "resolved": "https://registry.npmjs.org/commander/-/commander-12.1.0.tgz",
      "integrity": "sha512-Vw8qYSqK45vE65Xvbir8J0n1g0deuBvEMi5laY9CR07Qd55PCTTzbtj101weG9sM2+awp+3r2XW1q1p/lZpHiA==",
      "dev": true,
      "engines": {
        "node": ">=18"
      }
    },
    "node_modules/concat-map": {
      "version": "0.0.1",
      "resolved": "https://registry.npmjs.org/concat-map/-/concat-map-0.0.1.tgz",
      "integrity": "sha512-LzYqf41Rj2NJjbWALM9B5JG3pCABS8rGjkt28D/kH9MjbPOuGAYsL0BW2Rtu32wOgnT9AZDSAzhQ9eZlH2rDPA==",
      "dev": true
    },
    "node_modules/convert-source-map": {
      "version": "2.0.0",
      "resolved": "https://registry.npmjs.org/convert-source-map/-/convert-source-map-2.0.0.tgz",
      "integrity": "sha512-KvpKk6IMxTlyy6ll6vo5fT/tG1gn79nS0Q2d2xXen32NKIcW92Xy+2v+QYJ4dUrYe73uAAn83goiCqR+2l6C/w==",
      "dev": true
    },
    "node_modules/csstype": {
      "version": "3.1.3",
      "resolved": "https://registry.npmjs.org/csstype/-/csstype-3.1.3.tgz",
      "integrity": "sha512-M1uQkMl8rQK/szD0LNhtcwDiFAR9aFmWfIbeBfbN8N2Dk8ETqwbk+2OgoeYoJSCB1dC5I+y3ZSvBizot3LoA1A==",
      "dev": true
    },
    "node_modules/debug": {
      "version": "4.3.5",
      "resolved": "https://registry.npmjs.org/debug/-/debug-4.3.5.tgz",
      "integrity": "sha512-Y23FHJ5d16aAAbhPaBTM3oHZFj40crA0P9o/C6d1mO3e+40/i31khGy3fPWIOwA7e7A1WqTRlqL7LwM/h/UAeA==",
      "dev": true,
      "dependencies": {
        "ms": "2.1.2"
      },
      "engines": {
        "node": ">=6.0"
      },
      "peerDependenciesMeta": {
        "supports-color": {
          "optional": true
        }
      }
    },
    "node_modules/electron-to-chromium": {
      "version": "1.4.802",
      "resolved": "https://registry.npmjs.org/electron-to-chromium/-/electron-to-chromium-1.4.802.tgz",
      "integrity": "sha512-GEn3kPqaI36B/gL/ZtCj2wDiY1m0gATYxHkpdH22QdEMVv64H7I/2Y5lTqjE4uB7MmMqB/oqbYJvYg4X5T3eew==",
      "dev": true
    },
    "node_modules/es-module-lexer": {
      "version": "1.5.2",
      "resolved": "https://registry.npmjs.org/es-module-lexer/-/es-module-lexer-1.5.2.tgz",
      "integrity": "sha512-nE2eQctJ/2S0hHEJpEDsRLcwc3L/efDPp6d5tW/19/bztDURAr1I0VjK/2g+fTcyK4cjzQGVB2u8+zO4yWkq1g==",
      "dev": true
    },
    "node_modules/escape-string-regexp": {
      "version": "1.0.5",
      "resolved": "https://registry.npmjs.org/escape-string-regexp/-/escape-string-regexp-1.0.5.tgz",
      "integrity": "sha512-vbRorBvEUKUuQ4vmx4V6QaGf/d2f3aBioCjSjjaZ2g3p/6R1p8I3Ie0Xojv6s0XbUdE/Hn23yIu3c5pLcwGgQg==",
      "dev": true,
      "engines": {
        "node": ">=0.8.0"
      }
    },
    "node_modules/estree-walker": {
      "version": "2.0.2",
      "resolved": "https://registry.npmjs.org/estree-walker/-/estree-walker-2.0.2.tgz",
      "integrity": "sha512-wI84A8pLuOQnn/wI14/s2i/ZfTPEoYyNyTqg8NioyGj1wG2fwp2n1cdgmcqStf2rR5quvt5gS9Hj5b2sC2HnCA==",
      "dev": true
    },
    "node_modules/fsevents": {
      "version": "2.3.3",
      "resolved": "https://registry.npmjs.org/fsevents/-/fsevents-2.3.3.tgz",
      "integrity": "sha512-5rrqanwRTSOKGQjpincIG3dbSQk8P7Vlatp2cZxhsInW8sVYG3y4HlPdUHcfkPZ8XvQxchpgfLPqI8wMd2e72A==",
      "dev": true,
      "hasInstallScript": true,
      "optional": true,
      "os": [
        "darwin"
      ],
      "engines": {
        "node": "^8.16.0 || ^10.6.0 || >=11.0.0"
      }
    },
    "node_modules/function-bind": {
      "version": "1.1.2",
      "resolved": "https://registry.npmjs.org/function-bind/-/function-bind-1.1.2.tgz",
      "integrity": "sha512-714uBgrbifmwe5ySkmMbTdrEyP+k3sC6QzOa/RRpT2I+oVnFHjK64WlJj4/iUa2S2T3sR2R3I+33s2hN3tY/g==",
      "dev": true,
      "funding": {
        "url": "https://github.com/sponsors/ljharb"
      }
    },
    "node_modules/get-intrinsic": {
      "version": "1.2.4",
      "resolved": "https://registry.npmjs.org/get-intrinsic/-/get-intrinsic-1.2.4.tgz",
      "integrity": "sha512-dG3qk8AUVj12N4e37aeC3tvoo7zHogiHSP6VWBnJ4s/nEw31tUK1wJtT52go/XQ9JsbSsvilxN1tGrr7zC/XyQ==",
      "dev": true,
      "dependencies": {
        "function-bind": "^1.1.2",
        "gopd": "^1.0.1",
        "has-property-descriptors": "^1.0.2",
        "has-proto": "^1.0.3",
        "has-symbols": "^1.0.3"
      },
      "funding": {
        "url": "https://github.com/sponsors/ljharb"
      }
    },
    "node_modules/gopd": {
      "version": "1.0.1",
      "resolved": "https://registry.npmjs.org/gopd/-/gopd-1.0.1.tgz",
      "integrity": "sha512-d1xG1klrFFQp4sNqL4a9a01Yw9T7gR2aA9sVb6y2r+A8w9fSC4cfRC+X221vPXD5n3/T3vCcrU2i7w==",
      "dev": true,
      "dependencies": {
        "get-intrinsic": "^1.1.3"
      },
      "funding": {
        "url": "https://github.com/sponsors/ljharb"
      }
    },
    "node_modules/has-flag": {
      "version": "3.0.0",
      "resolved": "https://registry.npmjs.org/has-flag/-/has-flag-3.0.0.tgz",
      "integrity": "sha512-sKrqxLJE+mJVg16vH3pS8SA4NQa65K_HLCsUG6k89CGiG8olxP1mFATubxFMvYJBi4w3G3uz5K2bYKYdaNEgKw==",
      "dev": true,
      "engines": {
        "node": ">=4"
      }
    },
    "node_modules/has-property-descriptors": {
      "version": "1.0.2",
      "resolved": "https://registry.npmjs.org/has-property-descriptors/-/has-property-descriptors-1.0.2.tgz",
      "integrity": "sha512-55U2iVrq2+sKeT3YhB331A4Yg80oA9AbHh/mgDD4IltxV1+09c1gJgT6829yLo1u04ywdKmfZlZenL7bKvZg4g==",
      "dev": true,
      "dependencies": {
        "es-errors": "^1.3.0"
      },
      "funding": {
        "url": "https://github.com/sponsors/ljharb"
      }
    },
    "node_modules/has-proto": {
      "version": "1.0.3",
      "resolved": "https://registry.npmjs.org/has-proto/-/has-proto-1.0.3.tgz",
      "integrity": "sha512-SJ1amAUiC3+40kKToHi+cRgdlnDYhB65rYQmD2gO34ouQxr6+00ZJg2m5w88b/vFLXvLzy6mkQ4A2z+K4gDq9Q==",
      "dev": true,
      "dependencies": {
        "es-errors": "^1.3.0"
      },
      "engines": {
        "node": ">= 0.4"
      },
      "funding": {
        "url": "https://github.com/sponsors/ljharb"
      }
    },
    "node_modules/has-symbols": {
      "version": "1.0.3",
      "resolved": "https://registry.npmjs.org/has-symbols/-/has-symbols-1.0.3.tgz",
      "integrity": "sha512-l3LCuF6MgDNwTDKkdYGEifYitd6AsZxBmwVLWvkA+V5khDad57IF8U8wt4X52AnkhvB/yavgw86xckD4oO63YQ==",
      "dev": true,
      "engines": {
        "node": ">= 0.4"
      },
      "funding": {
        "url": "https://github.com/sponsors/ljharb"
      }
    },
    "node_modules/is-core-module": {
      "version": "2.13.1",
      "resolved": "https://registry.npmjs.org/is-core-module/-/is-core-module-2.13.1.tgz",
      "integrity": "sha512-hHrIjvZsftOsvKSn2TRYl63zvx+cLOsS2oHce/12eSABet3rgrFj8pBnoT/h3mP23fL5vyBv3vj9y+d5I0ikgA==",
      "dev": true,
      "dependencies": {
        "hasown": "^2.0.0"
      },
      "funding": {
        "url": "https://github.com/sponsors/ljharb"
      }
    },
    "node_modules/is-plain-obj": {
      "version": "1.1.0",
      "resolved": "https://registry.npmjs.org/is-plain-obj/-/is-plain-obj-1.1.0.tgz",
      "integrity": "sha512-y2+LgGQRJMLn0N4nN+TAnf19L2dYq1y03+iXfjdGKPv/oF2S2kYx0HhF325tqf3NqXy5nBwBw+6bdJ4k2mCgQ==",
      "dev": true,
      "engines": {
        "node": ">=0.10.0"
      }
    },
    "node_modules/is-unicode-supported": {
      "version": "1.3.0",
      "resolved": "https://registry.npmjs.org/is-unicode-supported/-/is-unicode-supported-1.3.0.tgz",
      "integrity": "sha512-J303dTwztPN6viP3s2d5y0l484i2lDIe93bC8GcFx2Wve1/4/2qjJU323oRKnC+c3xmwAcs474z7bE5KjtmCpg==",
      "dev": true,
      "funding": {
        "url": "https://github.com/sponsors/sindresorhus"
      },
      "engines": {
        "node": ">=18"
      }
    },
    "node_modules/is-wsl": {
      "version": "2.2.0",
      "resolved": "https://registry.npmjs.org/is-wsl/-/is-wsl-2.2.0.tgz",
      "integrity": "sha512-fKzAra0rRGIYJsdGG7cXuIsW2B2i+fxt8AVoNdvUOKV8H1h46SgStbA0AnwXwAlY6c/BTVsJ3dZ14kXjxpLh8g==",
      "dev": true,
      "dependencies": {
        "is-docker": "^2.0.0"
      },
      "engines": {
        "node": ">=8"
      }
    },
    "node_modules/js-tokens": {
      "version": "4.0.0",
      "resolved": "https://registry.npmjs.org/js-tokens/-/js-tokens-4.0.0.tgz",
      "integrity": "sha512-RdJUflcE3cUzKiMqQgsCu06FPu9UdIJO0beYbPhHN4k6apgJtifcoCtT9bcxOpYBtpD2kCM6Sbzg4CausW/PKQ==",
      "dev": true
    },
    "node_modules/js-yaml": {
      "version": "4.1.0",
      "resolved": "https://registry.npmjs.org/js-yaml/-/js-yaml-4.1.0.tgz",
      "integrity": "sha512-wpxZs9NoxZaJESJGIZTyDEaYpl0FKSA+FB9aJiyemKhMwkxQg63h4T1KJgUGHpTqPDNRcmmYLWhGbOBv+OxbbQ==",
      "dev": true,
      "dependencies": {
        "argparse": "^2.0.1"
      },
      "bin": {
        "js-yaml": "bin/js-yaml.js"
      }
    },
    "node_modules/json5": {
      "version": "2.2.3",
      "resolved": "https://registry.npmjs.org/json5/-/json5-2.2.3.tgz",
      "integrity": "sha512-XmOWe7eySUE5+i4k+V78pCAhrantwortA7hgdSxLhJAKIvKtkp/+dVVfTTTf1HupA9iLAD5OPgnyITTsgCALXClg==",
      "dev": true,
      "bin": {
        "json5": "lib/cli.js"
      },
      "engines": {
        "node": ">=6"
      }
    },
    "node_modules/lilconfig": {
      "version": "3.1.1",
      "resolved": "https://registry.npmjs.org/lilconfig/-/lilconfig-3.1.1.tgz",
      "integrity": "sha512-Ea/l37Nb3a8jT+20nCFL09CcMftb2+gajqn9YjS238tZJj56EYp8qHwM2hC/5jE0g+j1aFHYZ/vjEVR/Z+8bAQ==",
      "dev": true,
      "engines": {
        "node": ">=14"
      }
    },
    "node_modules/lines-and-columns": {
      "version": "1.2.4",
      "resolved": "https://registry.npmjs.org/lines-and-columns/-/lines-and-columns-1.2.4.tgz",
      "integrity": "sha512-7y2e_gc/AcO3yYg+i0br0D/39goJPSjiw0Hk2v28aPZzMh2cW443PMrkE5M/rU3j43pc3fQVEGyA8IAd2Jk9vQ==",
      "dev": true
    },
    "node_modules/loose-envify": {
      "version": "1.4.0",
      "resolved": "https://registry.npmjs.org/loose-envify/-/loose-envify-1.4.0.tgz",
      "integrity": "sha512-lyuxPGr/Wfhrlem2CL/UcnUc1zcqKA3a2bYo0DGW6pkE8wHDUcnzSEr7gxvpG17AJBpux3UyrBPOE35CkU36pg==",
      "dependencies": {
        "js-tokens": "^3.0.0 || ^4.0.0"
      },
      "bin": {
        "loose-envify": "cli.js"
      }
    },
    "node_modules/lru-cache": {
      "version": "10.2.2",
      "resolved": "https://registry.npmjs.org/lru-cache/-/lru-cache-10.2.2.tgz",
      "integrity": "sha512-Ccd+f9CN1aCxZdpDAt3wLhfGj4K26aD6g2m/i/1Q3RAbLCEk8i22Q4OV9w32d+v6b28lXvFE0ZuZf2u3G1qog==",
      "dev": true,
      "engines": {
        "node": "14 || >=16.14"
      }
    },
    "node_modules/magic-string": {
      "version": "0.30.10",
      "resolved": "https://registry.npmjs.org/magic-string/-/magic-string-0.30.10.tgz",
      "integrity": "sha512-Y3PaM0ScOPJ/5Il7EwGuVnBKJ+5aF8YheLz+nEUnCHbLCEe8+2cVAhT2IesUg60x3y2iP1Bf0wzwT221k22/jg==",
      "dev": true,
      "dependencies": {
        "@jridgewell/sourcemap-codec": "^1.4.15",
        "lru-cache": "^10.2.0"
      },
      "engines": {
        "node": ">=16"
      }
    },
    "node_modules/merge-map": {
      "version": "0.1.0",
      "resolved": "https://registry.npmjs.org/merge-map/-/merge-map-0.1.0.tgz",
      "integrity": "sha512-2u2gT33C9iYf0Fp7l/93b2a0ffn3y1wBq/rYwJvC4D8iAhK2tC+2y2a8O2sDczuE1IuCUP3q7Tz5ML1XA==",
      "dev": true
    },
    "node_modules/micromatch": {
      "version": "4.0.7",
      "resolved": "https://registry.npmjs.org/micromatch/-/micromatch-4.0.7.tgz",
      "integrity": "sha512-pSWd4wRDMjA7kI8hDkZzIcG2YhBhdQnVZ7h2pOFBwZk1lvoIYE8OAzsT1Q35IIGYy2qXk5y29V1pAym5h2KteQ==",
      "dev": true,
      "dependencies": {
        "braces": "^3.0.2",
        "picomatch": "^2.3.1"
      },
      "engines": {
        "node": ">=8.6"
      }
    },
    "node_modules/minimatch": {
      "version": "3.1.2",
      "resolved": "https://registry.npmjs.org/minimatch/-/minimatch-3.1.2.tgz",
      "integrity": "sha512-J7p63hRiAjw1NDEww1W7i37+ByIrOWO5XQQAzZ3VO/scsbnKT4v5IvxMAiHc符/3t3IPSzrMc+oA9AbANwt24gA==",
      "dev": true,
      "dependencies": {
        "brace-expansion": "^1.1.7"
      },
      "engines": {
        "node": "*"
      }
    },
    "node_modules/ms": {
      "version": "2.1.2",
      "resolved": "https://registry.npmjs.org/ms/-/ms-2.1.2.tgz",
      "integrity": "sha512-sGkPx+VjMtmA6MX27oA4FBFELFCZZ4S4XqeGOXCv68tT+jb3vk/RyaKWP0PTKyWtmLSM0b+adUTEvbs1PEAxCg==",
      "dev": true
    },
    "node_modules/nanoid": {
      "version": "3.3.7",
      "resolved": "https://registry.npmjs.org/nanoid/-/nanoid-3.3.7.tgz",
      "integrity": "sha512-eSPc4yO2+3iQ3T2oY/AJiC3JalSg7p2sK2i6TJoa2pr2Z2g2w41iYsohS+59CJ5vAQG7aLoxh8POh5G/jB1oAw==",
      "dev": true,
      "funding": [
        {
          "type": "github",
          "url": "https://github.com/sponsors/ai"
        }
      ],
      "bin": {
        "nanoid": "bin/nanoid.js"
      },
      "engines": {
        "node": "^10 || ^12 || ^13.7 || ^14 || >=15.0.1"
      }
    },
    "node_modules/node-releases": {
      "version": "2.0.14",
      "resolved": "https://registry.npmjs.org/node-releases/-/node-releases-2.0.14.tgz",
      "integrity": "sha512-QpPO137S20H6n2a9Aml3+IiYF8lUI3w2k4g2cG2eG2rG5gYm202rby8tH0p/Q15itGzt9o3vYmP/Q2Y2eB6wDw==",
      "dev": true,
      "funding": {
        "type": "opencollective",
        "url": "https://opencollective.com/node-releases"
      }
    },
    "node_modules/object-hash": {
      "version": "3.0.0",
      "resolved": "https://registry.npmjs.org/object-hash/-/object-hash-3.0.0.tgz",
      "integrity": "sha512-SgRHBCQgO/520mPae193UOJ6pA7hJdYvHqGcw72TkJ3u1Ujpty5kThwOEVT3iT03jScq3p/3uGZf92e2/m5gVw==",
      "dev": true,
      "engines": {
        "node": ">= 6"
      }
    },
    "node_modules/open": {
      "version": "10.1.0",
      "resolved": "https://registry.npmjs.org/open/-/open-10.1.0.tgz",
      "integrity": "sha512-i+jw0sL62G2waoWpC+M8rJ4HhS7j9n92HlklixYQZChTveiVKjTdn1eA+tF0yo9Jv0blE/1+yIKnq2wU3vfLXA==",
      "dev": true,

      "dependencies": {
        "is-docker": "^3.0.0",
        "is-wsl": "^3.0.0"
      },
      "engines": {
        "node": ">=18"
      },
      "funding": {
        "url": "https://github.com/sponsors/sindresorhus"
      }
    },
    "node_modules/open/node_modules/is-docker": {
      "version": "3.0.0",
      "resolved": "https://registry.npmjs.org/is-docker/-/is-docker-3.0.0.tgz",
      "integrity": "sha512-11oP9e3aTEa3vHfrd+1HPGfx2I03e54l3D/ain1M6j2lB0nHTDc7Zb3tm2bOY5N2yDAPu4uQk5a5XpIqPz9aDA==",
      "dev": true,
      "engines": {
        "node": ">=12"
      },
      "funding": {
        "url": "https://github.com/sponsors/sindresorhus"
      }
    },
    "node_modules/open/node_modules/is-wsl": {
      "version": "3.1.0",
      "resolved": "https://registry.npmjs.org/is-wsl/-/is-wsl-3.1.0.tgz",
      "integrity": "sha512-x2Q2d3gXGgH2EwLgGBa3bEfA2R0sh2FfIu4/lpWfVAncNoFXB+dJb4Yazc+Gk44p3z46IqP9Ld3LpEBH4gYtPA==",
      "dev": true,
      "dependencies": {
        "is-docker": "^3.0.0"
      },
      "engines": {
        "node": ">=12"
      }
    },
    "node_modules/path-parse": {
      "version": "1.0.7",
      "resolved": "https://registry.npmjs.org/path-parse/-/path-parse-1.0.7.tgz",
      "integrity": "sha512-LDJzPVEEEPR+y48z93A0Ed0yXb8pAByGWo/k5YYdYgpY2/2EsOsksJrq7lOHxryrVOn1ejG6oAp8ahvOIQD8sw==",
      "dev": true
    },
    "node_modules/picocolors": {
      "version": "1.0.1",
      "resolved": "https://registry.npmjs.org/picocolors/-/picocolors-1.0.1.tgz",
      "integrity": "sha512-anQDJ+L3+cVR97iGeGLhM6fP3Y42JMWub7yqfK22LzZGYnbtA+HPNXEHtsHl22p0VMJuvl2p2rPDAr1ZveS+yA==",
      "dev": true
    },
    "node_modules/picomatch": {
      "version": "2.3.1",
      "resolved": "https://registry.npmjs.org/picomatch/-/picomatch-2.3.1.tgz",
      "integrity": "sha512-JU3teIecN7Vp3zzD7gbezzbBcc/gWfxi9IalEyCk5CjAq5hwe2fdoTjGQsoA+PkkYqk9O/xU9fxJ2SVpOlBY6g==",
      "dev": true,
      "engines": {
        "node": ">=8.6"
      },
      "funding": {
        "url": "https://github.com/sponsors/jonschlinkert"
      }
    },
    "node_modules/postcss": {
      "version": "8.4.38",
      "resolved": "https://registry.npmjs.org/postcss/-/postcss-8.4.38.tgz",
      "integrity": "sha512-W+mI2A4AYRGallasA2dC2/u+s/4f4eXQ+4x48CIMloIe2xS4AnrEwPabNp7YLs/2n2y08fTfe6m823iAgK22wA==",
      "dev": true,
      "funding": [
        {
          "type": "opencollective",
          "url": "https://opencollective.com/postcss/"
        },
        {
          "type": "tidelift",
          "url": "https://tidelift.com/funding/github/npm/postcss"
        },
        {
          "type": "github",
          "url": "https://github.com/sponsors/ai"
        }
      ],
      "dependencies": {
        "nanoid": "^3.3.7",
        "picocolors": "^1.0.1",
        "source-map-js": "^1.2.0"
      },
      "engines": {
        "node": "^12 || ^14 || >=16"
      }
    },
    "node_modules/react": {
      "version": "18.3.1",
      "resolved": "https://registry.npmjs.org/react/-/react-18.3.1.tgz",
      "integrity": "sha512-wS+hAgJ0G1htOKIscdCANb5N+f4icgknIQeZ2TCbpl74nSlB53v/33yaweF65K4U90IwvsDdsQo9iA8+lDZw7g==",
      "dependencies": {
        "loose-envify": "^1.1.0"
      },
      "engines": {
        "node": ">=0.10.0"
      }
    },
    "node_modules/react-dom": {
      "version": "18.3.1",
      "resolved": "https://registry.npmjs.org/react-dom/-/react-dom-18.3.1.tgz",
      "integrity": "sha512-5m4nQKp2xJMy/a2c0i72QO9La2P652v1/fV4Lxe03fPyLh6i44cXKxQ8t8A/R5/G5wM2r9qO/aIowqgL5vYwA==",
      "dependencies": {
        "loose-envify": "^1.1.0",
        "scheduler": "^0.23.2"
      },
      "peerDependencies": {
        "react": "18.3.1"
      }
    },
    "node_modules/resolve": {
      "version": "1.22.8",
      "resolved": "https://registry.npmjs.org/resolve/-/resolve-1.22.8.tgz",
      "integrity": "sha512-oKWePCxqpd6FlLvGV1VU0od1T5YSxurG9A1rKJ5R7iS3hC2iQkHGdLK7Xf3T2yQd1T3bbZ+T1e7DbS5iE1HwDw==",
      "dev": true,
      "dependencies": {
        "is-core-module": "^2.13.1",
        "path-parse": "^1.0.7",
        "supports-preserve-symlinks-flag": "^1.0.0"
      },
      "bin": {
        "resolve": "bin/resolve"
      },
      "funding": {
        "url": "https://github.com/sponsors/ljharb"
      }
    },
    "node_modules/rollup": {
      "version": "4.18.0",
      "resolved": "https://registry.npmjs.org/rollup/-/rollup-4.18.0.tgz",
      "integrity": "sha512-QcK+aM+ynH0k82D4b4Y79i/g0y6h3Tq9I6L+i2BSEbWv0/BJf7GZ3LwOaJT6Gv8b/TeyV8sZzKBejAopw==",
      "dev": true,
      "optional": true,
      "os": [
        "darwin",
        "linux",
        "win32"
      ]
    },
    "node_modules/scheduler": {
      "version": "0.23.2",
      "resolved": "https://registry.npmjs.org/scheduler/-/scheduler-0.23.2.tgz",
      "integrity": "sha512-EnaK7tSw2IeNq22QCs286Z28tI2f0WfJ3ryv72890vCxNP41MaudT1we8/xUNaR2FfK0Dq23qYc1w3P1nE8npg==",
      "dependencies": {
        "loose-envify": "^1.1.0"
      }
    },
    "node_modules/semver": {
      "version": "6.3.1",
      "resolved": "https://registry.npmjs.org/semver/-/semver-6.3.1.tgz",
      "integrity": "sha512-BR7VvDC0XnQ+tI8An/h2UoVkwe6smTywKshBVj3P3LADYPAhH99TMnbG/qad0dHLskYpagT5R1C7TC4e14W2SQ==",
      "dev": true,
      "bin": {
        "semver": "bin/semver.js"
      }
    },
    "node_modules/source-map": {
      "version": "0.5.7",
      "resolved": "https://registry.npmjs.org/source-map/-/source-map-0.5.7.tgz",
      "integrity": "sha512-M9F3aP0aB5W7cWwxY1l1T86aSFgW0kSkU/bRhGyvH5V/I4EWM3b2c9zQ/Q2oEdD4LccI/eI3F9DSYfjbT11aYw==",
      "dev": true,
      "engines": {
        "node": ">=0.10.0"
      }
    },
    "node_modules/source-map-js": {
      "version": "1.2.0",
      "resolved": "https://registry.npmjs.org/source-map-js/-/source-map-js-1.2.0.tgz",
      "integrity": "sha512-itJW8lvSA0i11W5r3dsvgs2+3Hlo4F/34xT03i2H1XJJSPPOBf2r1Kif+eB15k/Qy3iC9cMW+v0a2t5t2n5hVg==",
      "dev": true,
      "engines": {
        "node": ">=0.10.0"
      }
    },
    "node_modules/supports-color": {
      "version": "5.5.0",
      "resolved": "https://registry.npmjs.org/supports-color/-/supports-color-5.5.0.tgz",
      "integrity": "sha512-QjVjwdXIt408MIiAqCX4oUKsgU2SupG3gPvCNeZvnaEw5HlogZNbogsqSYLTjq9fe7H0AujUPaPAargUaEzkwg==",
      "dev": true,
      "dependencies": {
        "has-flag": "^3.0.0"
      },
      "engines": {
        "node": ">=4"
      }
    },
    "node_modules/supports-preserve-symlinks-flag": {
      "version": "1.0.0",
      "resolved": "https://registry.npmjs.org/supports-preserve-symlinks-flag/-/supports-preserve-symlinks-flag-1.0.0.tgz",
      "integrity": "sha512-e+QdZl2J4g6/SM1+2FwT/3D40AALTw3UIx5eI4aN2J32a+Uvp+pr22bkjJUmI94yMey8c2s5Y34qGZlRqdssTA==",
      "dev": true,
      "engines": {
        "node": ">= 0.4"
      },
      "funding": {
        "url": "https://github.com/sponsors/ljharb"
      }
    },
    "node_modules/t-is-node": {
      "version": "1.0.2",
      "resolved": "https://registry.npmjs.org/t-is-node/-/t-is-node-1.0.2.tgz",
      "integrity": "sha512-a1L5XjToaJy/8hM2KEc5MJ1tSH7y+K3gEgk9sN54Rre+4QUP6f/r2Qd5Ef24cQYw28F4X/rEc2bpxS9edB+Eaw==",
      "dev": true
    },
    "node_modules/to-fast-properties": {
      "version": "2.0.0",
      "resolved": "https://registry.npmjs.org/to-fast-properties/-/to-fast-properties-2.0.0.tgz",
      "integrity": "sha512-/OaKK0xYrs3DmxRYqL/yDc+FkgR3k+VvBUPMki9B5o5veqWibA8C9+wzHeOab+lo2OYnCBH+ol3leY3xV/sUvA==",
      "dev": true,
      "engines": {
        "node": ">=4"
      }
    },
    "node_modules/typescript": {
      "version": "5.5.3",
      "resolved": "https://registry.npmjs.org/typescript/-/typescript-5.5.3.tgz",
      "integrity": "sha512-Cc+fKzRD22i/vcsiQvjsI7GCH/JjTV/GadfCccy0d2Uf2E20/yavGzOzX3y7cCrnC2A4z+KmmzP1oT/8QD0a3g==",
      "dev": true,
      "bin": {
        "tsc": "bin/tsc",
        "tsserver": "bin/tsserver"
      },
      "engines": {
        "node": ">=14.17"
      }
    },
    "node_modules/update-browserslist-db": {
      "version": "1.1.0",
      "resolved": "https://registry.npmjs.org/update-browserslist-db/-/update-browserslist-db-1.1.0.tgz",
      "integrity": "sha512-W+S1sWIbV5wWvQZ5F0HAnEqlR8c2nQo13Hj5BscK0+iDBnaqI7vCXPmX2bB/aE2ZJq/gLgS9GqQjK4gAvMmpcA==",
      "dev": true,
      "funding": [
        {
          "type": "opencollective",
          "url": "https://opencollective.com/browserslist"
        },
        {
          "type": "github",
          "url": "https://github.com/sponsors/ai"
        }
      ],
      "dependencies": {
        "is-unicode-supported": "^1.3.0",
        "picocolors": "^1.0.0"
      },
      "bin": {
        "update-browserslist-db": "cli.js"
      },
      "peerDependencies": {
        "browserslist": ">= 4.21.0"
      }
    },
    "node_modules/vite": {
      "version": "5.3.3",
      "resolved": "https://registry.npmjs.org/vite/-/vite-5.3.3.tgz",
      "integrity": "sha512-qYh4Zqg41u7S1z93t2u/gTqP+YTXhT33vBqS+7FymhGqfK3/c2Xb1c6y4T20s/zYf+DQUd2c884wKxFp7Fmg==",
      "dev": true,
      "dependencies": {
        "es-module-lexer": "^1.5.2",
        "fsevents": "~2.3.3",
        "magic-string": "^0.30.10",
        "micromatch": "^4.0.7",
        "picocolors": "^1.0.1",
        "postcss": "^8.4.38",
        "resolve": "^1.22.8",
        "rollup": "4.18.0"
      },
      "bin": {
        "vite": "bin/vite.js"
      },
      "engines": {
        "node": "^18.0.0 || >=20.0.0"
      },
      "funding": {
        "url": "https://github.com/sponsors/yyx990803"
      },
      "optionalDependencies": {
        "rollup": "4.18.0"
      }
    }
  }
}